
Microsoft Visual Studio Solution File, Format Version 12.00
# Visual Studio Version 17
VisualStudioVersion = 17.5.33530.505
MinimumVisualStudioVersion = 10.0.40219.1
Project("{FAE04EC0-301F-11D3-BF4B-00C04F79EFBC}") = "Hva_gjør_denne_koden", "Hva_gjør_denne_koden.csproj", "{A5078C62-316D-4FB7-ACA6-120B7F98ACD7}"
EndProject
Global
	GlobalSection(SolutionConfigurationPlatforms) = preSolution
		Debug|Any CPU = Debug|Any CPU
		Release|Any CPU = Release|Any CPU
	EndGlobalSection
	GlobalSection(ProjectConfigurationPlatforms) = postSolution
		{A5078C62-316D-4FB7-ACA6-120B7F98ACD7}.Debug|Any CPU.ActiveCfg = Debug|Any CPU
		{A5078C62-316D-4FB7-ACA6-120B7F98ACD7}.Debug|Any CPU.Build.0 = Debug|Any CPU
		{A5078C62-316D-4FB7-ACA6-120B7F98ACD7}.Release|Any CPU.ActiveCfg = Release|Any CPU
		{A5078C62-316D-4FB7-ACA6-120B7F98ACD7}.Release|Any CPU.Build.0 = Release|Any CPU
	EndGlobalSection
	GlobalSection(SolutionProperties) = preSolution
		HideSolutionNode = FALSE
	EndGlobalSection
	GlobalSection(ExtensibilityGlobals) = postSolution
		SolutionGuid = {F6D8E97E-9E78-4CE9-A00A-DFFDC5047C6E}
	EndGlobalSection
EndGlobal
